{
  "object": {
    "pins": [
      {
·        "package": "swiftui-introspect",
        "repositoryURL": "https://github.com/timbersoftware/SwiftUI-Introspect.git",
        "state": {
          "branch": null,
          "revision": "121c146fe591b1320238d054ae35c81ffa45f45a",
          "version": "0.12.0"
        }
      }
    ]
  },
  "version": 1
}
